// !$*UTF8*$!
{
	archiveVersion = 1;
	classes = {
	};
	objectVersion = 46;
	objects = {

/* Begin PBXBuildFile section */
		1A69A3591ED570570073B0ED /* Assets.xcassets in Resources */ = {isa = PBXBuildFile; fileRef = 1A69A3581ED570570073B0ED /* Assets.xcassets */; };
		1A69A35C1ED570570073B0ED /* LaunchScreen.storyboard in Resources */ = {isa = PBXBuildFile; fileRef = 1A69A35A1ED570570073B0ED /* LaunchScreen.storyboard */; };
		1A99A06E1EDF16C3004A4665 /* AppDelegate.swift in Sources */ = {isa = PBXBuildFile; fileRef = 1A99A0331EDF16C3004A4665 /* AppDelegate.swift */; };
		1A99A06F1EDF16C3004A4665 /* DataManagersInterfaces.swift in Sources */ = {isa = PBXBuildFile; fileRef = 1A99A0351EDF16C3004A4665 /* DataManagersInterfaces.swift */; };
		1A99A0701EDF16C3004A4665 /* ShoppingItemManager.swift in Sources */ = {isa = PBXBuildFile; fileRef = 1A99A0361EDF16C3004A4665 /* ShoppingItemManager.swift */; };
		1A99A0711EDF16C3004A4665 /* ShoppingListManager.swift in Sources */ = {isa = PBXBuildFile; fileRef = 1A99A0371EDF16C3004A4665 /* ShoppingListManager.swift */; };
		1A99A0721EDF16C3004A4665 /* DataStore.swift in Sources */ = {isa = PBXBuildFile; fileRef = 1A99A0391EDF16C3004A4665 /* DataStore.swift */; };
		1A99A0731EDF16C3004A4665 /* RealmItemCategory.swift in Sources */ = {isa = PBXBuildFile; fileRef = 1A99A03A1EDF16C3004A4665 /* RealmItemCategory.swift */; };
		1A99A0741EDF16C3004A4665 /* RealmShoppingItem.swift in Sources */ = {isa = PBXBuildFile; fileRef = 1A99A03B1EDF16C3004A4665 /* RealmShoppingItem.swift */; };
		1A99A0751EDF16C3004A4665 /* RealmShoppingList.swift in Sources */ = {isa = PBXBuildFile; fileRef = 1A99A03C1EDF16C3004A4665 /* RealmShoppingList.swift */; };
		1A99A0761EDF16C3004A4665 /* ItemCategory.swift in Sources */ = {isa = PBXBuildFile; fileRef = 1A99A03E1EDF16C3004A4665 /* ItemCategory.swift */; };
		1A99A0771EDF16C3004A4665 /* ShoppingItem.swift in Sources */ = {isa = PBXBuildFile; fileRef = 1A99A03F1EDF16C3004A4665 /* ShoppingItem.swift */; };
		1A99A0781EDF16C3004A4665 /* ShoppingList.swift in Sources */ = {isa = PBXBuildFile; fileRef = 1A99A0401EDF16C3004A4665 /* ShoppingList.swift */; };
		1A99A0791EDF16C3004A4665 /* AddItemModuleProtocols.swift in Sources */ = {isa = PBXBuildFile; fileRef = 1A99A0441EDF16C3004A4665 /* AddItemModuleProtocols.swift */; };
		1A99A07A1EDF16C3004A4665 /* AddItemInteractor.swift in Sources */ = {isa = PBXBuildFile; fileRef = 1A99A0461EDF16C3004A4665 /* AddItemInteractor.swift */; };
		1A99A07B1EDF16C3004A4665 /* AddItemPresenter.swift in Sources */ = {isa = PBXBuildFile; fileRef = 1A99A0481EDF16C3004A4665 /* AddItemPresenter.swift */; };
		1A99A07C1EDF16C3004A4665 /* AddItemWireframe.swift in Sources */ = {isa = PBXBuildFile; fileRef = 1A99A04B1EDF16C3004A4665 /* AddItemWireframe.swift */; };
		1A99A07D1EDF16C3004A4665 /* AddListModuleProtocols.swift in Sources */ = {isa = PBXBuildFile; fileRef = 1A99A04E1EDF16C3004A4665 /* AddListModuleProtocols.swift */; };
		1A99A07E1EDF16C3004A4665 /* AddListInteractor.swift in Sources */ = {isa = PBXBuildFile; fileRef = 1A99A0501EDF16C3004A4665 /* AddListInteractor.swift */; };
		1A99A07F1EDF16C3004A4665 /* AddListPresenter.swift in Sources */ = {isa = PBXBuildFile; fileRef = 1A99A0521EDF16C3004A4665 /* AddListPresenter.swift */; };
		1A99A0801EDF16C3004A4665 /* AddNewController.swift in Sources */ = {isa = PBXBuildFile; fileRef = 1A99A0541EDF16C3004A4665 /* AddNewController.swift */; };
		1A99A0811EDF16C3004A4665 /* AddListWireframe.swift in Sources */ = {isa = PBXBuildFile; fileRef = 1A99A0561EDF16C3004A4665 /* AddListWireframe.swift */; };
		1A99A0821EDF16C3004A4665 /* ItemsInteractor.swift in Sources */ = {isa = PBXBuildFile; fileRef = 1A99A0591EDF16C3004A4665 /* ItemsInteractor.swift */; };
		1A99A0831EDF16C3004A4665 /* ListItemsModuleProtocols.swift in Sources */ = {isa = PBXBuildFile; fileRef = 1A99A05B1EDF16C3004A4665 /* ListItemsModuleProtocols.swift */; };
		1A99A0841EDF16C3004A4665 /* ItemsPresenter.swift in Sources */ = {isa = PBXBuildFile; fileRef = 1A99A05D1EDF16C3004A4665 /* ItemsPresenter.swift */; };
		1A99A0851EDF16C3004A4665 /* ItemsController.swift in Sources */ = {isa = PBXBuildFile; fileRef = 1A99A05F1EDF16C3004A4665 /* ItemsController.swift */; };
		1A99A0861EDF16C3004A4665 /* ShoppingItemWireframe.swift in Sources */ = {isa = PBXBuildFile; fileRef = 1A99A0611EDF16C3004A4665 /* ShoppingItemWireframe.swift */; };
		1A99A0871EDF16C3004A4665 /* ListInteractor.swift in Sources */ = {isa = PBXBuildFile; fileRef = 1A99A0641EDF16C3004A4665 /* ListInteractor.swift */; };
		1A99A0881EDF16C3004A4665 /* ListModuleProtocols.swift in Sources */ = {isa = PBXBuildFile; fileRef = 1A99A0661EDF16C3004A4665 /* ListModuleProtocols.swift */; };
		1A99A0891EDF16C3004A4665 /* ListPresenter.swift in Sources */ = {isa = PBXBuildFile; fileRef = 1A99A0681EDF16C3004A4665 /* ListPresenter.swift */; };
		1A99A08A1EDF16C3004A4665 /* ShoppingListController.swift in Sources */ = {isa = PBXBuildFile; fileRef = 1A99A06A1EDF16C3004A4665 /* ShoppingListController.swift */; };
		1A99A08B1EDF16C3004A4665 /* ShoppingListWireframe.swift in Sources */ = {isa = PBXBuildFile; fileRef = 1A99A06C1EDF16C3004A4665 /* ShoppingListWireframe.swift */; };
		1A99A08C1EDF16C3004A4665 /* RootWireframe.swift in Sources */ = {isa = PBXBuildFile; fileRef = 1A99A06D1EDF16C3004A4665 /* RootWireframe.swift */; };
		1A99A08E1EDF16D4004A4665 /* Main.storyboard in Resources */ = {isa = PBXBuildFile; fileRef = 1A99A08D1EDF16D4004A4665 /* Main.storyboard */; };
		BCE092FE698B984BAB31C8FF /* Pods_Groceries.framework in Frameworks */ = {isa = PBXBuildFile; fileRef = A7844241E75C4F4458594C32 /* Pods_Groceries.framework */; };
/* End PBXBuildFile section */

/* Begin PBXFileReference section */
		1336E36C3EAA3F3238E8585B /* Pods-Groceries.release.xcconfig */ = {isa = PBXFileReference; includeInIndex = 1; lastKnownFileType = text.xcconfig; name = "Pods-Groceries.release.xcconfig"; path = "Pods/Target Support Files/Pods-Groceries/Pods-Groceries.release.xcconfig"; sourceTree = "<group>"; };
		1A69A34E1ED570570073B0ED /* Groceries.app */ = {isa = PBXFileReference; explicitFileType = wrapper.application; includeInIndex = 0; path = Groceries.app; sourceTree = BUILT_PRODUCTS_DIR; };
		1A69A3581ED570570073B0ED /* Assets.xcassets */ = {isa = PBXFileReference; lastKnownFileType = folder.assetcatalog; path = Assets.xcassets; sourceTree = "<group>"; };
		1A69A35B1ED570570073B0ED /* Base */ = {isa = PBXFileReference; lastKnownFileType = file.storyboard; name = Base; path = Base.lproj/LaunchScreen.storyboard; sourceTree = "<group>"; };
		1A69A35D1ED570570073B0ED /* Info.plist */ = {isa = PBXFileReference; lastKnownFileType = text.plist.xml; path = Info.plist; sourceTree = "<group>"; };
		1A99A0331EDF16C3004A4665 /* AppDelegate.swift */ = {isa = PBXFileReference; fileEncoding = 4; lastKnownFileType = sourcecode.swift; path = AppDelegate.swift; sourceTree = "<group>"; };
		1A99A0351EDF16C3004A4665 /* DataManagersInterfaces.swift */ = {isa = PBXFileReference; fileEncoding = 4; lastKnownFileType = sourcecode.swift; path = DataManagersInterfaces.swift; sourceTree = "<group>"; };
		1A99A0361EDF16C3004A4665 /* ShoppingItemManager.swift */ = {isa = PBXFileReference; fileEncoding = 4; lastKnownFileType = sourcecode.swift; path = ShoppingItemManager.swift; sourceTree = "<group>"; };
		1A99A0371EDF16C3004A4665 /* ShoppingListManager.swift */ = {isa = PBXFileReference; fileEncoding = 4; lastKnownFileType = sourcecode.swift; path = ShoppingListManager.swift; sourceTree = "<group>"; };
		1A99A0391EDF16C3004A4665 /* DataStore.swift */ = {isa = PBXFileReference; fileEncoding = 4; lastKnownFileType = sourcecode.swift; path = DataStore.swift; sourceTree = "<group>"; };
		1A99A03A1EDF16C3004A4665 /* RealmItemCategory.swift */ = {isa = PBXFileReference; fileEncoding = 4; lastKnownFileType = sourcecode.swift; path = RealmItemCategory.swift; sourceTree = "<group>"; };
		1A99A03B1EDF16C3004A4665 /* RealmShoppingItem.swift */ = {isa = PBXFileReference; fileEncoding = 4; lastKnownFileType = sourcecode.swift; path = RealmShoppingItem.swift; sourceTree = "<group>"; };
		1A99A03C1EDF16C3004A4665 /* RealmShoppingList.swift */ = {isa = PBXFileReference; fileEncoding = 4; lastKnownFileType = sourcecode.swift; path = RealmShoppingList.swift; sourceTree = "<group>"; };
		1A99A03E1EDF16C3004A4665 /* ItemCategory.swift */ = {isa = PBXFileReference; fileEncoding = 4; lastKnownFileType = sourcecode.swift; path = ItemCategory.swift; sourceTree = "<group>"; };
		1A99A03F1EDF16C3004A4665 /* ShoppingItem.swift */ = {isa = PBXFileReference; fileEncoding = 4; lastKnownFileType = sourcecode.swift; path = ShoppingItem.swift; sourceTree = "<group>"; };
		1A99A0401EDF16C3004A4665 /* ShoppingList.swift */ = {isa = PBXFileReference; fileEncoding = 4; lastKnownFileType = sourcecode.swift; path = ShoppingList.swift; sourceTree = "<group>"; };
		1A99A0441EDF16C3004A4665 /* AddItemModuleProtocols.swift */ = {isa = PBXFileReference; fileEncoding = 4; lastKnownFileType = sourcecode.swift; path = AddItemModuleProtocols.swift; sourceTree = "<group>"; };
		1A99A0461EDF16C3004A4665 /* AddItemInteractor.swift */ = {isa = PBXFileReference; fileEncoding = 4; lastKnownFileType = sourcecode.swift; path = AddItemInteractor.swift; sourceTree = "<group>"; };
		1A99A0481EDF16C3004A4665 /* AddItemPresenter.swift */ = {isa = PBXFileReference; fileEncoding = 4; lastKnownFileType = sourcecode.swift; path = AddItemPresenter.swift; sourceTree = "<group>"; };
		1A99A04B1EDF16C3004A4665 /* AddItemWireframe.swift */ = {isa = PBXFileReference; fileEncoding = 4; lastKnownFileType = sourcecode.swift; path = AddItemWireframe.swift; sourceTree = "<group>"; };
		1A99A04E1EDF16C3004A4665 /* AddListModuleProtocols.swift */ = {isa = PBXFileReference; fileEncoding = 4; lastKnownFileType = sourcecode.swift; path = AddListModuleProtocols.swift; sourceTree = "<group>"; };
		1A99A0501EDF16C3004A4665 /* AddListInteractor.swift */ = {isa = PBXFileReference; fileEncoding = 4; lastKnownFileType = sourcecode.swift; path = AddListInteractor.swift; sourceTree = "<group>"; };
		1A99A0521EDF16C3004A4665 /* AddListPresenter.swift */ = {isa = PBXFileReference; fileEncoding = 4; lastKnownFileType = sourcecode.swift; path = AddListPresenter.swift; sourceTree = "<group>"; };
		1A99A0541EDF16C3004A4665 /* AddNewController.swift */ = {isa = PBXFileReference; fileEncoding = 4; lastKnownFileType = sourcecode.swift; path = AddNewController.swift; sourceTree = "<group>"; };
		1A99A0561EDF16C3004A4665 /* AddListWireframe.swift */ = {isa = PBXFileReference; fileEncoding = 4; lastKnownFileType = sourcecode.swift; path = AddListWireframe.swift; sourceTree = "<group>"; };
		1A99A0591EDF16C3004A4665 /* ItemsInteractor.swift */ = {isa = PBXFileReference; fileEncoding = 4; lastKnownFileType = sourcecode.swift; path = ItemsInteractor.swift; sourceTree = "<group>"; };
		1A99A05B1EDF16C3004A4665 /* ListItemsModuleProtocols.swift */ = {isa = PBXFileReference; fileEncoding = 4; lastKnownFileType = sourcecode.swift; path = ListItemsModuleProtocols.swift; sourceTree = "<group>"; };
		1A99A05D1EDF16C3004A4665 /* ItemsPresenter.swift */ = {isa = PBXFileReference; fileEncoding = 4; lastKnownFileType = sourcecode.swift; path = ItemsPresenter.swift; sourceTree = "<group>"; };
		1A99A05F1EDF16C3004A4665 /* ItemsController.swift */ = {isa = PBXFileReference; fileEncoding = 4; lastKnownFileType = sourcecode.swift; path = ItemsController.swift; sourceTree = "<group>"; };
		1A99A0611EDF16C3004A4665 /* ShoppingItemWireframe.swift */ = {isa = PBXFileReference; fileEncoding = 4; lastKnownFileType = sourcecode.swift; path = ShoppingItemWireframe.swift; sourceTree = "<group>"; };
		1A99A0641EDF16C3004A4665 /* ListInteractor.swift */ = {isa = PBXFileReference; fileEncoding = 4; lastKnownFileType = sourcecode.swift; path = ListInteractor.swift; sourceTree = "<group>"; };
		1A99A0661EDF16C3004A4665 /* ListModuleProtocols.swift */ = {isa = PBXFileReference; fileEncoding = 4; lastKnownFileType = sourcecode.swift; path = ListModuleProtocols.swift; sourceTree = "<group>"; };
		1A99A0681EDF16C3004A4665 /* ListPresenter.swift */ = {isa = PBXFileReference; fileEncoding = 4; lastKnownFileType = sourcecode.swift; path = ListPresenter.swift; sourceTree = "<group>"; };
		1A99A06A1EDF16C3004A4665 /* ShoppingListController.swift */ = {isa = PBXFileReference; fileEncoding = 4; lastKnownFileType = sourcecode.swift; path = ShoppingListController.swift; sourceTree = "<group>"; };
		1A99A06C1EDF16C3004A4665 /* ShoppingListWireframe.swift */ = {isa = PBXFileReference; fileEncoding = 4; lastKnownFileType = sourcecode.swift; path = ShoppingListWireframe.swift; sourceTree = "<group>"; };
		1A99A06D1EDF16C3004A4665 /* RootWireframe.swift */ = {isa = PBXFileReference; fileEncoding = 4; lastKnownFileType = sourcecode.swift; path = RootWireframe.swift; sourceTree = "<group>"; };
		1A99A08D1EDF16D4004A4665 /* Main.storyboard */ = {isa = PBXFileReference; fileEncoding = 4; lastKnownFileType = file.storyboard; path = Main.storyboard; sourceTree = "<group>"; };
		A7844241E75C4F4458594C32 /* Pods_Groceries.framework */ = {isa = PBXFileReference; explicitFileType = wrapper.framework; includeInIndex = 0; path = Pods_Groceries.framework; sourceTree = BUILT_PRODUCTS_DIR; };
		C85EB86A5DE82E75336281EB /* Pods-Groceries.debug.xcconfig */ = {isa = PBXFileReference; includeInIndex = 1; lastKnownFileType = text.xcconfig; name = "Pods-Groceries.debug.xcconfig"; path = "Pods/Target Support Files/Pods-Groceries/Pods-Groceries.debug.xcconfig"; sourceTree = "<group>"; };
/* End PBXFileReference section */

/* Begin PBXFrameworksBuildPhase section */
		1A69A34B1ED570570073B0ED /* Frameworks */ = {
			isa = PBXFrameworksBuildPhase;
			buildActionMask = 2147483647;
			files = (
				BCE092FE698B984BAB31C8FF /* Pods_Groceries.framework in Frameworks */,
			);
			runOnlyForDeploymentPostprocessing = 0;
		};
/* End PBXFrameworksBuildPhase section */

/* Begin PBXGroup section */
		1A69A3451ED570570073B0ED = {
			isa = PBXGroup;
			children = (
				1A69A3501ED570570073B0ED /* Groceries */,
				1A69A34F1ED570570073B0ED /* Products */,
				B1E902D638E087876C7D08B8 /* Pods */,
				DAB5001359CD03876CAEEECC /* Frameworks */,
			);
			sourceTree = "<group>";
		};
		1A69A34F1ED570570073B0ED /* Products */ = {
			isa = PBXGroup;
			children = (
				1A69A34E1ED570570073B0ED /* Groceries.app */,
			);
			name = Products;
			sourceTree = "<group>";
		};
		1A69A3501ED570570073B0ED /* Groceries */ = {
			isa = PBXGroup;
			children = (
				1A99A0321EDF16C3004A4665 /* Classes */,
				1A69A3581ED570570073B0ED /* Assets.xcassets */,
				1A99A08D1EDF16D4004A4665 /* Main.storyboard */,
				1A69A35A1ED570570073B0ED /* LaunchScreen.storyboard */,
				1A69A35D1ED570570073B0ED /* Info.plist */,
			);
			path = Groceries;
			sourceTree = "<group>";
		};
		1A99A0321EDF16C3004A4665 /* Classes */ = {
			isa = PBXGroup;
			children = (
				1A99A0331EDF16C3004A4665 /* AppDelegate.swift */,
				1A99A0341EDF16C3004A4665 /* DataManagers */,
				1A99A0381EDF16C3004A4665 /* DataModel */,
				1A99A03D1EDF16C3004A4665 /* Entities */,
				1A99A0411EDF16C3004A4665 /* Modules */,
				1A99A06D1EDF16C3004A4665 /* RootWireframe.swift */,
			);
			path = Classes;
			sourceTree = "<group>";
		};
		1A99A0341EDF16C3004A4665 /* DataManagers */ = {
			isa = PBXGroup;
			children = (
				1A99A0351EDF16C3004A4665 /* DataManagersInterfaces.swift */,
				1A99A0361EDF16C3004A4665 /* ShoppingItemManager.swift */,
				1A99A0371EDF16C3004A4665 /* ShoppingListManager.swift */,
			);
			path = DataManagers;
			sourceTree = "<group>";
		};
		1A99A0381EDF16C3004A4665 /* DataModel */ = {
			isa = PBXGroup;
			children = (
				1A99A0391EDF16C3004A4665 /* DataStore.swift */,
				1A99A03A1EDF16C3004A4665 /* RealmItemCategory.swift */,
				1A99A03B1EDF16C3004A4665 /* RealmShoppingItem.swift */,
				1A99A03C1EDF16C3004A4665 /* RealmShoppingList.swift */,
			);
			path = DataModel;
			sourceTree = "<group>";
		};
		1A99A03D1EDF16C3004A4665 /* Entities */ = {
			isa = PBXGroup;
			children = (
				1A99A03E1EDF16C3004A4665 /* ItemCategory.swift */,
				1A99A03F1EDF16C3004A4665 /* ShoppingItem.swift */,
				1A99A0401EDF16C3004A4665 /* ShoppingList.swift */,
			);
			path = Entities;
			sourceTree = "<group>";
		};
		1A99A0411EDF16C3004A4665 /* Modules */ = {
			isa = PBXGroup;
			children = (
				1A99A0421EDF16C3004A4665 /* AddListItem */,
				1A99A04C1EDF16C3004A4665 /* AddShoppingList */,
				1A99A0571EDF16C3004A4665 /* ListItems */,
				1A99A0621EDF16C3004A4665 /* ShoppingList */,
			);
			path = Modules;
			sourceTree = "<group>";
		};
		1A99A0421EDF16C3004A4665 /* AddListItem */ = {
			isa = PBXGroup;
			children = (
				1A99A0431EDF16C3004A4665 /* AddItemInterfaces */,
				1A99A0451EDF16C3004A4665 /* Interactor */,
				1A99A0471EDF16C3004A4665 /* Presenter */,
				1A99A0491EDF16C3004A4665 /* View */,
				1A99A04A1EDF16C3004A4665 /* Wireframe */,
			);
			path = AddListItem;
			sourceTree = "<group>";
		};
		1A99A0431EDF16C3004A4665 /* AddItemInterfaces */ = {
			isa = PBXGroup;
			children = (
				1A99A0441EDF16C3004A4665 /* AddItemModuleProtocols.swift */,
			);
			path = AddItemInterfaces;
			sourceTree = "<group>";
		};
		1A99A0451EDF16C3004A4665 /* Interactor */ = {
			isa = PBXGroup;
			children = (
				1A99A0461EDF16C3004A4665 /* AddItemInteractor.swift */,
			);
			path = Interactor;
			sourceTree = "<group>";
		};
		1A99A0471EDF16C3004A4665 /* Presenter */ = {
			isa = PBXGroup;
			children = (
				1A99A0481EDF16C3004A4665 /* AddItemPresenter.swift */,
			);
			path = Presenter;
			sourceTree = "<group>";
		};
		1A99A0491EDF16C3004A4665 /* View */ = {
			isa = PBXGroup;
			children = (
			);
			path = View;
			sourceTree = "<group>";
		};
		1A99A04A1EDF16C3004A4665 /* Wireframe */ = {
			isa = PBXGroup;
			children = (
				1A99A04B1EDF16C3004A4665 /* AddItemWireframe.swift */,
			);
			path = Wireframe;
			sourceTree = "<group>";
		};
		1A99A04C1EDF16C3004A4665 /* AddShoppingList */ = {
			isa = PBXGroup;
			children = (
				1A99A04D1EDF16C3004A4665 /* AddListModuleInterfaces */,
				1A99A04F1EDF16C3004A4665 /* Interactor */,
				1A99A0511EDF16C3004A4665 /* Presenter */,
				1A99A0531EDF16C3004A4665 /* View */,
				1A99A0551EDF16C3004A4665 /* Wireframe */,
			);
			path = AddShoppingList;
			sourceTree = "<group>";
		};
		1A99A04D1EDF16C3004A4665 /* AddListModuleInterfaces */ = {
			isa = PBXGroup;
			children = (
				1A99A04E1EDF16C3004A4665 /* AddListModuleProtocols.swift */,
			);
			path = AddListModuleInterfaces;
			sourceTree = "<group>";
		};
		1A99A04F1EDF16C3004A4665 /* Interactor */ = {
			isa = PBXGroup;
			children = (
				1A99A0501EDF16C3004A4665 /* AddListInteractor.swift */,
			);
			path = Interactor;
			sourceTree = "<group>";
		};
		1A99A0511EDF16C3004A4665 /* Presenter */ = {
			isa = PBXGroup;
			children = (
				1A99A0521EDF16C3004A4665 /* AddListPresenter.swift */,
			);
			path = Presenter;
			sourceTree = "<group>";
		};
		1A99A0531EDF16C3004A4665 /* View */ = {
			isa = PBXGroup;
			children = (
				1A99A0541EDF16C3004A4665 /* AddNewController.swift */,
			);
			path = View;
			sourceTree = "<group>";
		};
		1A99A0551EDF16C3004A4665 /* Wireframe */ = {
			isa = PBXGroup;
			children = (
				1A99A0561EDF16C3004A4665 /* AddListWireframe.swift */,
			);
			path = Wireframe;
			sourceTree = "<group>";
		};
		1A99A0571EDF16C3004A4665 /* ListItems */ = {
			isa = PBXGroup;
			children = (
				1A99A0581EDF16C3004A4665 /* Interactor */,
				1A99A05A1EDF16C3004A4665 /* ItemsModuleInterfaces */,
				1A99A05C1EDF16C3004A4665 /* Presenter */,
				1A99A05E1EDF16C3004A4665 /* View */,
				1A99A0601EDF16C3004A4665 /* Wireframe */,
			);
			path = ListItems;
			sourceTree = "<group>";
		};
		1A99A0581EDF16C3004A4665 /* Interactor */ = {
			isa = PBXGroup;
			children = (
				1A99A0591EDF16C3004A4665 /* ItemsInteractor.swift */,
			);
			path = Interactor;
			sourceTree = "<group>";
		};
		1A99A05A1EDF16C3004A4665 /* ItemsModuleInterfaces */ = {
			isa = PBXGroup;
			children = (
				1A99A05B1EDF16C3004A4665 /* ListItemsModuleProtocols.swift */,
			);
			path = ItemsModuleInterfaces;
			sourceTree = "<group>";
		};
		1A99A05C1EDF16C3004A4665 /* Presenter */ = {
			isa = PBXGroup;
			children = (
				1A99A05D1EDF16C3004A4665 /* ItemsPresenter.swift */,
			);
			path = Presenter;
			sourceTree = "<group>";
		};
		1A99A05E1EDF16C3004A4665 /* View */ = {
			isa = PBXGroup;
			children = (
				1A99A05F1EDF16C3004A4665 /* ItemsController.swift */,
			);
			path = View;
			sourceTree = "<group>";
		};
		1A99A0601EDF16C3004A4665 /* Wireframe */ = {
			isa = PBXGroup;
			children = (
				1A99A0611EDF16C3004A4665 /* ShoppingItemWireframe.swift */,
			);
			path = Wireframe;
			sourceTree = "<group>";
		};
		1A99A0621EDF16C3004A4665 /* ShoppingList */ = {
			isa = PBXGroup;
			children = (
				1A99A0631EDF16C3004A4665 /* Interactor */,
				1A99A0651EDF16C3004A4665 /* ListModuleInterfaces */,
				1A99A0671EDF16C3004A4665 /* Presenter */,
				1A99A0691EDF16C3004A4665 /* View */,
				1A99A06B1EDF16C3004A4665 /* Wireframe */,
			);
			path = ShoppingList;
			sourceTree = "<group>";
		};
		1A99A0631EDF16C3004A4665 /* Interactor */ = {
			isa = PBXGroup;
			children = (
				1A99A0641EDF16C3004A4665 /* ListInteractor.swift */,
			);
			path = Interactor;
			sourceTree = "<group>";
		};
		1A99A0651EDF16C3004A4665 /* ListModuleInterfaces */ = {
			isa = PBXGroup;
			children = (
				1A99A0661EDF16C3004A4665 /* ListModuleProtocols.swift */,
			);
			path = ListModuleInterfaces;
			sourceTree = "<group>";
		};
		1A99A0671EDF16C3004A4665 /* Presenter */ = {
			isa = PBXGroup;
			children = (
				1A99A0681EDF16C3004A4665 /* ListPresenter.swift */,
			);
			path = Presenter;
			sourceTree = "<group>";
		};
		1A99A0691EDF16C3004A4665 /* View */ = {
			isa = PBXGroup;
			children = (
				1A99A06A1EDF16C3004A4665 /* ShoppingListController.swift */,
			);
			path = View;
			sourceTree = "<group>";
		};
		1A99A06B1EDF16C3004A4665 /* Wireframe */ = {
			isa = PBXGroup;
			children = (
				1A99A06C1EDF16C3004A4665 /* ShoppingListWireframe.swift */,
			);
			path = Wireframe;
			sourceTree = "<group>";
		};
		B1E902D638E087876C7D08B8 /* Pods */ = {
			isa = PBXGroup;
			children = (
				C85EB86A5DE82E75336281EB /* Pods-Groceries.debug.xcconfig */,
				1336E36C3EAA3F3238E8585B /* Pods-Groceries.release.xcconfig */,
			);
			name = Pods;
			sourceTree = "<group>";
		};
		DAB5001359CD03876CAEEECC /* Frameworks */ = {
			isa = PBXGroup;
			children = (
				A7844241E75C4F4458594C32 /* Pods_Groceries.framework */,
			);
			name = Frameworks;
			sourceTree = "<group>";
		};
/* End PBXGroup section */

/* Begin PBXNativeTarget section */
		1A69A34D1ED570570073B0ED /* Groceries */ = {
			isa = PBXNativeTarget;
			buildConfigurationList = 1A69A3601ED570570073B0ED /* Build configuration list for PBXNativeTarget "Groceries" */;
			buildPhases = (
				AB5FA13CBD8463057465B693 /* [CP] Check Pods Manifest.lock */,
				1A69A34A1ED570570073B0ED /* Sources */,
				1A69A34B1ED570570073B0ED /* Frameworks */,
				1A69A34C1ED570570073B0ED /* Resources */,
				9236CFC7AFB336557067D613 /* [CP] Embed Pods Frameworks */,
				14714E93102237D1E1EC3F63 /* [CP] Copy Pods Resources */,
			);
			buildRules = (
			);
			dependencies = (
			);
			name = Groceries;
			productName = Groceries;
			productReference = 1A69A34E1ED570570073B0ED /* Groceries.app */;
			productType = "com.apple.product-type.application";
		};
/* End PBXNativeTarget section */

/* Begin PBXProject section */
		1A69A3461ED570570073B0ED /* Project object */ = {
			isa = PBXProject;
			attributes = {
				LastSwiftUpdateCheck = 0830;
				LastUpgradeCheck = 0830;
				ORGANIZATIONNAME = "Oleksiy Bilyi";
				TargetAttributes = {
					1A69A34D1ED570570073B0ED = {
						CreatedOnToolsVersion = 8.3;
						DevelopmentTeam = BLVN45FV99;
						ProvisioningStyle = Automatic;
					};
				};
			};
			buildConfigurationList = 1A69A3491ED570570073B0ED /* Build configuration list for PBXProject "Groceries" */;
			compatibilityVersion = "Xcode 3.2";
			developmentRegion = English;
			hasScannedForEncodings = 0;
			knownRegions = (
				en,
				Base,
			);
			mainGroup = 1A69A3451ED570570073B0ED;
			productRefGroup = 1A69A34F1ED570570073B0ED /* Products */;
			projectDirPath = "";
			projectRoot = "";
			targets = (
				1A69A34D1ED570570073B0ED /* Groceries */,
			);
		};
/* End PBXProject section */

/* Begin PBXResourcesBuildPhase section */
		1A69A34C1ED570570073B0ED /* Resources */ = {
			isa = PBXResourcesBuildPhase;
			buildActionMask = 2147483647;
			files = (
				1A99A08E1EDF16D4004A4665 /* Main.storyboard in Resources */,
				1A69A35C1ED570570073B0ED /* LaunchScreen.storyboard in Resources */,
				1A69A3591ED570570073B0ED /* Assets.xcassets in Resources */,
			);
			runOnlyForDeploymentPostprocessing = 0;
		};
/* End PBXResourcesBuildPhase section */

/* Begin PBXShellScriptBuildPhase section */
		14714E93102237D1E1EC3F63 /* [CP] Copy Pods Resources */ = {
			isa = PBXShellScriptBuildPhase;
			buildActionMask = 2147483647;
			files = (
			);
			inputPaths = (
			);
			name = "[CP] Copy Pods Resources";
			outputPaths = (
			);
			runOnlyForDeploymentPostprocessing = 0;
			shellPath = /bin/sh;
			shellScript = "\"${SRCROOT}/Pods/Target Support Files/Pods-Groceries/Pods-Groceries-resources.sh\"\n";
			showEnvVarsInLog = 0;
		};
		9236CFC7AFB336557067D613 /* [CP] Embed Pods Frameworks */ = {
			isa = PBXShellScriptBuildPhase;
			buildActionMask = 2147483647;
			files = (
			);
			inputPaths = (
			);
			name = "[CP] Embed Pods Frameworks";
			outputPaths = (
			);
			runOnlyForDeploymentPostprocessing = 0;
			shellPath = /bin/sh;
			shellScript = "\"${SRCROOT}/Pods/Target Support Files/Pods-Groceries/Pods-Groceries-frameworks.sh\"\n";
			showEnvVarsInLog = 0;
		};
		AB5FA13CBD8463057465B693 /* [CP] Check Pods Manifest.lock */ = {
			isa = PBXShellScriptBuildPhase;
			buildActionMask = 2147483647;
			files = (
			);
			inputPaths = (
			);
			name = "[CP] Check Pods Manifest.lock";
			outputPaths = (
			);
			runOnlyForDeploymentPostprocessing = 0;
			shellPath = /bin/sh;
			shellScript = "diff \"${PODS_ROOT}/../Podfile.lock\" \"${PODS_ROOT}/Manifest.lock\" > /dev/null\nif [ $? != 0 ] ; then\n    # print error to STDERR\n    echo \"error: The sandbox is not in sync with the Podfile.lock. Run 'pod install' or update your CocoaPods installation.\" >&2\n    exit 1\nfi\n";
			showEnvVarsInLog = 0;
		};
/* End PBXShellScriptBuildPhase section */

/* Begin PBXSourcesBuildPhase section */
		1A69A34A1ED570570073B0ED /* Sources */ = {
			isa = PBXSourcesBuildPhase;
			buildActionMask = 2147483647;
			files = (
				1A99A08C1EDF16C3004A4665 /* RootWireframe.swift in Sources */,
				1A99A0861EDF16C3004A4665 /* ShoppingItemWireframe.swift in Sources */,
				1A99A0881EDF16C3004A4665 /* ListModuleProtocols.swift in Sources */,
				1A99A0821EDF16C3004A4665 /* ItemsInteractor.swift in Sources */,
				1A99A0701EDF16C3004A4665 /* ShoppingItemManager.swift in Sources */,
				1A99A06E1EDF16C3004A4665 /* AppDelegate.swift in Sources */,
				1A99A0741EDF16C3004A4665 /* RealmShoppingItem.swift in Sources */,
				1A99A07B1EDF16C3004A4665 /* AddItemPresenter.swift in Sources */,
				1A99A0781EDF16C3004A4665 /* ShoppingList.swift in Sources */,
				1A99A07C1EDF16C3004A4665 /* AddItemWireframe.swift in Sources */,
				1A99A07A1EDF16C3004A4665 /* AddItemInteractor.swift in Sources */,
				1A99A07D1EDF16C3004A4665 /* AddListModuleProtocols.swift in Sources */,
				1A99A06F1EDF16C3004A4665 /* DataManagersInterfaces.swift in Sources */,
				1A99A0721EDF16C3004A4665 /* DataStore.swift in Sources */,
				1A99A0791EDF16C3004A4665 /* AddItemModuleProtocols.swift in Sources */,
				1A99A0891EDF16C3004A4665 /* ListPresenter.swift in Sources */,
				1A99A0731EDF16C3004A4665 /* RealmItemCategory.swift in Sources */,
				1A99A07F1EDF16C3004A4665 /* AddListPresenter.swift in Sources */,
				1A99A0851EDF16C3004A4665 /* ItemsController.swift in Sources */,
				1A99A0711EDF16C3004A4665 /* ShoppingListManager.swift in Sources */,
				1A99A07E1EDF16C3004A4665 /* AddListInteractor.swift in Sources */,
				1A99A0871EDF16C3004A4665 /* ListInteractor.swift in Sources */,
				1A99A0831EDF16C3004A4665 /* ListItemsModuleProtocols.swift in Sources */,
				1A99A0751EDF16C3004A4665 /* RealmShoppingList.swift in Sources */,
				1A99A0811EDF16C3004A4665 /* AddListWireframe.swift in Sources */,
				1A99A0801EDF16C3004A4665 /* AddNewController.swift in Sources */,
				1A99A0841EDF16C3004A4665 /* ItemsPresenter.swift in Sources */,
				1A99A08B1EDF16C3004A4665 /* ShoppingListWireframe.swift in Sources */,
				1A99A0771EDF16C3004A4665 /* ShoppingItem.swift in Sources */,
				1A99A0761EDF16C3004A4665 /* ItemCategory.swift in Sources */,
				1A99A08A1EDF16C3004A4665 /* ShoppingListController.swift in Sources */,
			);
			runOnlyForDeploymentPostprocessing = 0;
		};
/* End PBXSourcesBuildPhase section */

/* Begin PBXVariantGroup section */
		1A69A35A1ED570570073B0ED /* LaunchScreen.storyboard */ = {
			isa = PBXVariantGroup;
			children = (
				1A69A35B1ED570570073B0ED /* Base */,
			);
			name = LaunchScreen.storyboard;
			sourceTree = "<group>";
		};
/* End PBXVariantGroup section */

/* Begin XCBuildConfiguration section */
		1A69A35E1ED570570073B0ED /* Debug */ = {
			isa = XCBuildConfiguration;
			buildSettings = {
				ALWAYS_SEARCH_USER_PATHS = NO;
				CLANG_ANALYZER_NONNULL = YES;
				CLANG_ANALYZER_NUMBER_OBJECT_CONVERSION = YES_AGGRESSIVE;
				CLANG_CXX_LANGUAGE_STANDARD = "gnu++0x";
				CLANG_CXX_LIBRARY = "libc++";
				CLANG_ENABLE_MODULES = YES;
				CLANG_ENABLE_OBJC_ARC = YES;
				CLANG_WARN_BOOL_CONVERSION = YES;
				CLANG_WARN_CONSTANT_CONVERSION = YES;
				CLANG_WARN_DIRECT_OBJC_ISA_USAGE = YES_ERROR;
				CLANG_WARN_DOCUMENTATION_COMMENTS = YES;
				CLANG_WARN_EMPTY_BODY = YES;
				CLANG_WARN_ENUM_CONVERSION = YES;
				CLANG_WARN_INFINITE_RECURSION = YES;
				CLANG_WARN_INT_CONVERSION = YES;
				CLANG_WARN_OBJC_ROOT_CLASS = YES_ERROR;
				CLANG_WARN_SUSPICIOUS_MOVE = YES;
				CLANG_WARN_UNREACHABLE_CODE = YES;
				CLANG_WARN__DUPLICATE_METHOD_MATCH = YES;
				"CODE_SIGN_IDENTITY[sdk=iphoneos*]" = "iPhone Developer";
				COPY_PHASE_STRIP = NO;
				DEBUG_INFORMATION_FORMAT = dwarf;
				ENABLE_STRICT_OBJC_MSGSEND = YES;
				ENABLE_TESTABILITY = YES;
				GCC_C_LANGUAGE_STANDARD = gnu99;
				GCC_DYNAMIC_NO_PIC = NO;
				GCC_NO_COMMON_BLOCKS = YES;
				GCC_OPTIMIZATION_LEVEL = 0;
				GCC_PREPROCESSOR_DEFINITIONS = (
					"DEBUG=1",
					"$(inherited)",
				);
				GCC_WARN_64_TO_32_BIT_CONVERSION = YES;
				GCC_WARN_ABOUT_RETURN_TYPE = YES_ERROR;
				GCC_WARN_UNDECLARED_SELECTOR = YES;
				GCC_WARN_UNINITIALIZED_AUTOS = YES_AGGRESSIVE;
				GCC_WARN_UNUSED_FUNCTION = YES;
				GCC_WARN_UNUSED_VARIABLE = YES;
				IPHONEOS_DEPLOYMENT_TARGET = 10.3;
				MTL_ENABLE_DEBUG_INFO = YES;
				ONLY_ACTIVE_ARCH = YES;
				SDKROOT = iphoneos;
				SWIFT_ACTIVE_COMPILATION_CONDITIONS = DEBUG;
				SWIFT_OPTIMIZATION_LEVEL = "-Onone";
				TARGETED_DEVICE_FAMILY = "1,2";
			};
			name = Debug;
		};
		1A69A35F1ED570570073B0ED /* Release */ = {
			isa = XCBuildConfiguration;
			buildSettings = {
				ALWAYS_SEARCH_USER_PATHS = NO;
				CLANG_ANALYZER_NONNULL = YES;
				CLANG_ANALYZER_NUMBER_OBJECT_CONVERSION = YES_AGGRESSIVE;
				CLANG_CXX_LANGUAGE_STANDARD = "gnu++0x";
				CLANG_CXX_LIBRARY = "libc++";
				CLANG_ENABLE_MODULES = YES;
				CLANG_ENABLE_OBJC_ARC = YES;
				CLANG_WARN_BOOL_CONVERSION = YES;
				CLANG_WARN_CONSTANT_CONVERSION = YES;
				CLANG_WARN_DIRECT_OBJC_ISA_USAGE = YES_ERROR;
				CLANG_WARN_DOCUMENTATION_COMMENTS = YES;
				CLANG_WARN_EMPTY_BODY = YES;
				CLANG_WARN_ENUM_CONVERSION = YES;
				CLANG_WARN_INFINITE_RECURSION = YES;
				CLANG_WARN_INT_CONVERSION = YES;
				CLANG_WARN_OBJC_ROOT_CLASS = YES_ERROR;
				CLANG_WARN_SUSPICIOUS_MOVE = YES;
				CLANG_WARN_UNREACHABLE_CODE = YES;
				CLANG_WARN__DUPLICATE_METHOD_MATCH = YES;
				"CODE_SIGN_IDENTITY[sdk=iphoneos*]" = "iPhone Developer";
				COPY_PHASE_STRIP = NO;
				DEBUG_INFORMATION_FORMAT = "dwarf-with-dsym";
				ENABLE_NS_ASSERTIONS = NO;
				ENABLE_STRICT_OBJC_MSGSEND = YES;
				GCC_C_LANGUAGE_STANDARD = gnu99;
				GCC_NO_COMMON_BLOCKS = YES;
				GCC_WARN_64_TO_32_BIT_CONVERSION = YES;
				GCC_WARN_ABOUT_RETURN_TYPE = YES_ERROR;
				GCC_WARN_UNDECLARED_SELECTOR = YES;
				GCC_WARN_UNINITIALIZED_AUTOS = YES_AGGRESSIVE;
				GCC_WARN_UNUSED_FUNCTION = YES;
				GCC_WARN_UNUSED_VARIABLE = YES;
				IPHONEOS_DEPLOYMENT_TARGET = 10.3;
				MTL_ENABLE_DEBUG_INFO = NO;
				SDKROOT = iphoneos;
				SWIFT_OPTIMIZATION_LEVEL = "-Owholemodule";
				TARGETED_DEVICE_FAMILY = "1,2";
				VALIDATE_PRODUCT = YES;
			};
			name = Release;
		};
		1A69A3611ED570570073B0ED /* Debug */ = {
			isa = XCBuildConfiguration;
			baseConfigurationReference = C85EB86A5DE82E75336281EB /* Pods-Groceries.debug.xcconfig */;
			buildSettings = {
				ASSETCATALOG_COMPILER_APPICON_NAME = AppIcon;
				DEVELOPMENT_TEAM = BLVN45FV99;
				INFOPLIST_FILE = Groceries/Info.plist;
				LD_RUNPATH_SEARCH_PATHS = "$(inherited) @executable_path/Frameworks";
				PRODUCT_BUNDLE_IDENTIFIER = MyCompany.Groceries;
				PRODUCT_NAME = "$(TARGET_NAME)";
				SWIFT_VERSION = 3.0;
			};
			name = Debug;
		};
		1A69A3621ED570570073B0ED /* Release */ = {
			isa = XCBuildConfiguration;
			baseConfigurationReference = 1336E36C3EAA3F3238E8585B /* Pods-Groceries.release.xcconfig */;
			buildSettings = {
				ASSETCATALOG_COMPILER_APPICON_NAME = AppIcon;
				DEVELOPMENT_TEAM = BLVN45FV99;
				INFOPLIST_FILE = Groceries/Info.plist;
				LD_RUNPATH_SEARCH_PATHS = "$(inherited) @executable_path/Frameworks";
				PRODUCT_BUNDLE_IDENTIFIER = MyCompany.Groceries;
				PRODUCT_NAME = "$(TARGET_NAME)";
				SWIFT_VERSION = 3.0;
			};
			name = Release;
		};
/* End XCBuildConfiguration section */

/* Begin XCConfigurationList section */
		1A69A3491ED570570073B0ED /* Build configuration list for PBXProject "Groceries" */ = {
			isa = XCConfigurationList;
			buildConfigurations = (
				1A69A35E1ED570570073B0ED /* Debug */,
				1A69A35F1ED570570073B0ED /* Release */,
			);
			defaultConfigurationIsVisible = 0;
			defaultConfigurationName = Release;
		};
		1A69A3601ED570570073B0ED /* Build configuration list for PBXNativeTarget "Groceries" */ = {
			isa = XCConfigurationList;
			buildConfigurations = (
				1A69A3611ED570570073B0ED /* Debug */,
				1A69A3621ED570570073B0ED /* Release */,
			);
			defaultConfigurationIsVisible = 0;
			defaultConfigurationName = Release;
		};
/* End XCConfigurationList section */
	};
	rootObject = 1A69A3461ED570570073B0ED /* Project object */;
}
