PODS:
  - Hero (0.3.3)
  - Realm (0.103.2):
    - Realm/Headers (= 0.103.2)
  - Realm/Headers (0.103.2)
  - RealmSwift (0.103.2):
    - Realm (= 0.103.2)

DEPENDENCIES:
  - Hero (~> 0.3)
  - RealmSwift (~> 0.98)

SPEC CHECKSUMS:
  Hero: bee4e762e84185b16a902dd11335c119515bb912
  Realm: 448f0416079fe5b0ed947e7d86f3c4e1c75826cb
  RealmSwift: 8a45cc8f02dfac093b72a3b5a01d567e27e15891

PODFILE CHECKSUM: d042db4e3b1019c42c8a27cc2c542fed9082dfab

COCOAPODS: 1.2.0
